# THIS IS AN AUTOGENERATED FILE. DO NOT EDIT THIS FILE DIRECTLY.
# yarn lockfile v1


cssesc@^3.0.0:
  version "3.0.0"
  resolved "https://registry.yarnpkg.com/cssesc/-/cssesc-3.0.0.tgz#37741919903b868565e1c09ea747445cd18983ee"
  integrity sha512-/Tb/JcjK111nNScGob5MNtsntNM1aCNUDipB/TkwZFhyDrrE47SOx/18wF2bbjgc3ZzCSKW1T5nt5EbFoAz/Vg==

font-family-papandreou@^0.2.0-patch1:
  version "0.2.0-patch2"
  resolved "https://registry.yarnpkg.com/font-family-papandreou/-/font-family-papandreou-0.2.0-patch2.tgz#c75b659e96ffbc7ab2af651cf7b4910b334e8dd2"
  integrity sha512-l/YiRdBSH/eWv6OF3sLGkwErL+n0MqCICi9mppTZBOCL5vixWGDqCYvRcuxB2h7RGCTzaTKOHT2caHvCXQPRlw==

specificity@^0.4.1:
  version "0.4.1"
  resolved "https://registry.yarnpkg.com/specificity/-/specificity-0.4.1.tgz#aab5e645012db08ba182e151165738d00887b019"
  integrity sha512-1klA3Gi5PD1Wv9Q0wUoOQN1IWAuPu0D1U03ThXTr0cJ20+/iq2tHSDnK7Kk/0LXJ1ztUB2/1Os0wKmfyNgUQfg==

svg2pdf.js@^2.7.0:
  version "2.7.0"
  resolved "https://registry.yarnpkg.com/svg2pdf.js/-/svg2pdf.js-2.7.0.tgz#c2753127fd9faa8413a58ce29947bb48afeff1b2"
  integrity sha512-nXK4Wx28H0KtOktanm5nsphl1KMEoLNMelAT/776qxPAj9DshwYcqgdpKuBnY1nrcYOriQFHVQLE4tIag+aDJA==
  dependencies:
    cssesc "^3.0.0"
    font-family-papandreou "^0.2.0-patch1"
    specificity "^0.4.1"
    svgpath "^2.3.0"

svgpath@^2.3.0:
  version "2.6.0"
  resolved "https://registry.yarnpkg.com/svgpath/-/svgpath-2.6.0.tgz#5b160ef3d742b7dfd2d721bf90588d3450d7a90d"
  integrity sha512-OIWR6bKzXvdXYyO4DK/UWa1VA1JeKq8E+0ug2DG98Y/vOmMpfZNj+TIG988HjfYSqtcy/hFOtZq/n/j5GSESNg==
